
Microsoft Visual Studio Solution File, Format Version 12.00
# Visual Studio Version 16
VisualStudioVersion = 16.0.28803.352
MinimumVisualStudioVersion = 10.0.40219.1
Project("{9A19103F-16F7-4668-BE54-9A1E7A4F7556}") = "Alerts", "Alerts\Alerts.csproj", "{D2478AB3-389F-448C-B3A9-0E105FA34BF1}"
EndProject
Project("{FAE04EC0-301F-11D3-BF4B-00C04F79EFBC}") = "AlertsTest", "AlertsTest\AlertsTest.csproj", "{DCD98FE8-0B12-4EAD-97BE-6BA85829B775}"
EndProject
Global
	GlobalSection(SolutionConfigurationPlatforms) = preSolution
		Debug|Any CPU = Debug|Any CPU
		Release|Any CPU = Release|Any CPU
	EndGlobalSection
	GlobalSection(ProjectConfigurationPlatforms) = postSolution
		{D2478AB3-389F-448C-B3A9-0E105FA34BF1}.Debug|Any CPU.ActiveCfg = Debug|Any CPU
		{D2478AB3-389F-448C-B3A9-0E105FA34BF1}.Debug|Any CPU.Build.0 = Debug|Any CPU
		{D2478AB3-389F-448C-B3A9-0E105FA34BF1}.Release|Any CPU.ActiveCfg = Release|Any CPU
		{D2478AB3-389F-448C-B3A9-0E105FA34BF1}.Release|Any CPU.Build.0 = Release|Any CPU
		{DCD98FE8-0B12-4EAD-97BE-6BA85829B775}.Debug|Any CPU.ActiveCfg = Debug|Any CPU
		{DCD98FE8-0B12-4EAD-97BE-6BA85829B775}.Debug|Any CPU.Build.0 = Debug|Any CPU
		{DCD98FE8-0B12-4EAD-97BE-6BA85829B775}.Release|Any CPU.ActiveCfg = Release|Any CPU
		{DCD98FE8-0B12-4EAD-97BE-6BA85829B775}.Release|Any CPU.Build.0 = Release|Any CPU
	EndGlobalSection
	GlobalSection(SolutionProperties) = preSolution
		HideSolutionNode = FALSE
	EndGlobalSection
	GlobalSection(ExtensibilityGlobals) = postSolution
		SolutionGuid = {4CBD57CE-F6CF-4B2C-AA88-75E2BF402688}
	EndGlobalSection
EndGlobal
